Microsoft Visual Studio Solution File, Format Version 12.00
# Visual Studio Version 17
VisualStudioVersion = 17.13.35825.156
MinimumVisualStudioVersion = 10.0.40219.1
Project("{FAE04EC0-301F-11D3-BF4B-00C04F79EFBC}") = "Blacklow-Executor", "Blacklow-Executor by Blacklow Technologies\Blacklow-Executor.csproj", "{72775E3C-ACBB-4E51-9AA2-1A97803DFD81}"
EndProject
Global
	GlobalSection(SolutionConfigurationPlatforms) = preSolution
		Debug|Any CPU = Debug|Any CPU
		Release|Any CPU = Release|Any CPU
	EndGlobalSection
	GlobalSection(ProjectConfigurationPlatforms) = postSolution
		{72775E3C-ACBB-4E51-9AA2-1A97803DFD81}.Debug|Any CPU.ActiveCfg = Debug|Any CPU
		{72775E3C-ACBB-4E51-9AA2-1A97803DFD81}.Debug|Any CPU.Build.0 = Debug|Any CPU
		{72775E3C-ACBB-4E51-9AA2-1A97803DFD81}.Release|Any CPU.ActiveCfg = Release|Any CPU
		{72775E3C-ACBB-4E51-9AA2-1A97803DFD81}.Release|Any CPU.Build.0 = Release|Any CPU
	EndGlobalSection
	GlobalSection(SolutionProperties) = preSolution
		HideSolutionNode = FALSE
	EndGlobalSection
	GlobalSection(ExtensibilityGlobals) = postSolution
		SolutionGuid = {5745FD70-F4E5-4141-BE37-3C291063D24B}
	EndGlobalSection
EndGlobal
